
Microsoft Visual Studio Solution File, Format Version 12.00
# Visual Studio Version 17
VisualStudioVersion = 17.4.33205.214
MinimumVisualStudioVersion = 10.0.40219.1
Project("{FAE04EC0-301F-11D3-BF4B-00C04F79EFBC}") = "APINewErd", "APINewErd\APINewErd.csproj", "{24D1BE94-26A5-4EC2-870C-D2AB33069040}"
EndProject
Global
	GlobalSection(SolutionConfigurationPlatforms) = preSolution
		Debug|Any CPU = Debug|Any CPU
		Release|Any CPU = Release|Any CPU
	EndGlobalSection
	GlobalSection(ProjectConfigurationPlatforms) = postSolution
		{24D1BE94-26A5-4EC2-870C-D2AB33069040}.Debug|Any CPU.ActiveCfg = Debug|Any CPU
		{24D1BE94-26A5-4EC2-870C-D2AB33069040}.Debug|Any CPU.Build.0 = Debug|Any CPU
		{24D1BE94-26A5-4EC2-870C-D2AB33069040}.Release|Any CPU.ActiveCfg = Release|Any CPU
		{24D1BE94-26A5-4EC2-870C-D2AB33069040}.Release|Any CPU.Build.0 = Release|Any CPU
	EndGlobalSection
	GlobalSection(SolutionProperties) = preSolution
		HideSolutionNode = FALSE
	EndGlobalSection
	GlobalSection(ExtensibilityGlobals) = postSolution
		SolutionGuid = {E1FEDFF2-EDA2-4614-9A65-24D8874FC5A2}
	EndGlobalSection
EndGlobal
